// !$*UTF8*$!
{
	archiveVersion = 1;
	classes = {
	};
	objectVersion = 46;
	objects = {

/* Begin PBXBuildFile section */
		669147291C8DABBB0052078F /* AppDelegate.swift in Sources */ = {isa = PBXBuildFile; fileRef = 669147281C8DABBB0052078F /* AppDelegate.swift */; };
		6691472B1C8DABBB0052078F /* ViewController.swift in Sources */ = {isa = PBXBuildFile; fileRef = 6691472A1C8DABBB0052078F /* ViewController.swift */; };
		6691472E1C8DABBB0052078F /* Main.storyboard in Resources */ = {isa = PBXBuildFile; fileRef = 6691472C1C8DABBB0052078F /* Main.storyboard */; };
		669147301C8DABBB0052078F /* Assets.xcassets in Resources */ = {isa = PBXBuildFile; fileRef = 6691472F1C8DABBB0052078F /* Assets.xcassets */; };
		669147331C8DABBB0052078F /* LaunchScreen.storyboard in Resources */ = {isa = PBXBuildFile; fileRef = 669147311C8DABBB0052078F /* LaunchScreen.storyboard */; };
/* End PBXBuildFile section */

/* Begin PBXFileReference section */
		669147251C8DABBB0052078F /* vkclient.app */ = {isa = PBXFileReference; explicitFileType = wrapper.application; includeInIndex = 0; path = vkclient.app; sourceTree = BUILT_PRODUCTS_DIR; };
		669147281C8DABBB0052078F /* AppDelegate.swift */ = {isa = PBXFileReference; lastKnownFileType = sourcecode.swift; path = AppDelegate.swift; sourceTree = "<group>"; };
		6691472A1C8DABBB0052078F /* ViewController.swift */ = {isa = PBXFileReference; lastKnownFileType = sourcecode.swift; path = ViewController.swift; sourceTree = "<group>"; };
		6691472D1C8DABBB0052078F /* Base */ = {isa = PBXFileReference; lastKnownFileType = file.storyboard; name = Base; path = Base.lproj/Main.storyboard; sourceTree = "<group>"; };
		6691472F1C8DABBB0052078F /* Assets.xcassets */ = {isa = PBXFileReference; lastKnownFileType = folder.assetcatalog; path = Assets.xcassets; sourceTree = "<group>"; };
		669147321C8DABBB0052078F /* Base */ = {isa = PBXFileReference; lastKnownFileType = file.storyboard; name = Base; path = Base.lproj/LaunchScreen.storyboard; sourceTree = "<group>"; };
		669147341C8DABBB0052078F /* Info.plist */ = {isa = PBXFileReference; lastKnownFileType = text.plist.xml; path = Info.plist; sourceTree = "<group>"; };
/* End PBXFileReference section */

/* Begin PBXFrameworksBuildPhase section */
		669147221C8DABBB0052078F /* Frameworks */ = {
			isa = PBXFrameworksBuildPhase;
			buildActionMask = 2147483647;
			files = (
			);
			runOnlyForDeploymentPostprocessing = 0;
		};
/* End PBXFrameworksBuildPhase section */

/* Begin PBXGroup section */
		6691471C1C8DABBB0052078F = {
			isa = PBXGroup;
			children = (
				669147271C8DABBB0052078F /* vkclient */,
				669147261C8DABBB0052078F /* Products */,
			);
			sourceTree = "<group>";
		};
		669147261C8DABBB0052078F /* Products */ = {
			isa = PBXGroup;
			children = (
				669147251C8DABBB0052078F /* vkclient.app */,
			);
			name = Products;
			sourceTree = "<group>";
		};
		669147271C8DABBB0052078F /* vkclient */ = {
			isa = PBXGroup;
			children = (
				669147281C8DABBB0052078F /* AppDelegate.swift */,
				6691472A1C8DABBB0052078F /* ViewController.swift */,
				6691472C1C8DABBB0052078F /* Main.storyboard */,
				6691472F1C8DABBB0052078F /* Assets.xcassets */,
				669147311C8DABBB0052078F /* LaunchScreen.storyboard */,
				669147341C8DABBB0052078F /* Info.plist */,
			);
			path = vkclient;
			sourceTree = "<group>";
		};
/* End PBXGroup section */

/* Begin PBXNativeTarget section */
		669147241C8DABBB0052078F /* vkclient */ = {
			isa = PBXNativeTarget;
			buildConfigurationList = 669147371C8DABBB0052078F /* Build configuration list for PBXNativeTarget "vkclient" */;
			buildPhases = (
				669147211C8DABBB0052078F /* Sources */,
				669147221C8DABBB0052078F /* Frameworks */,
				669147231C8DABBB0052078F /* Resources */,
			);
			buildRules = (
			);
			dependencies = (
			);
			name = vkclient;
			productName = vkclient;
			productReference = 669147251C8DABBB0052078F /* vkclient.app */;
			productType = "com.apple.product-type.application";
		};
/* End PBXNativeTarget section */

/* Begin PBXProject section */
		6691471D1C8DABBB0052078F /* Project object */ = {
			isa = PBXProject;
			attributes = {
				LastSwiftUpdateCheck = 0720;
				LastUpgradeCheck = 0720;
				ORGANIZATIONNAME = "Svetoslav Karasev";
				TargetAttributes = {
					669147241C8DABBB0052078F = {
						CreatedOnToolsVersion = 7.2.1;
						DevelopmentTeam = 6WCU73Y7FL;
					};
				};
			};
			buildConfigurationList = 669147201C8DABBB0052078F /* Build configuration list for PBXProject "vkclient" */;
			compatibilityVersion = "Xcode 3.2";
			developmentRegion = English;
			hasScannedForEncodings = 0;
			knownRegions = (
				en,
				Base,
			);
			mainGroup = 6691471C1C8DABBB0052078F;
			productRefGroup = 669147261C8DABBB0052078F /* Products */;
			projectDirPath = "";
			projectRoot = "";
			targets = (
				669147241C8DABBB0052078F /* vkclient */,
			);
		};
/* End PBXProject section */

/* Begin PBXResourcesBuildPhase section */
		669147231C8DABBB0052078F /* Resources */ = {
			isa = PBXResourcesBuildPhase;
			buildActionMask = 2147483647;
			files = (
				669147331C8DABBB0052078F /* LaunchScreen.storyboard in Resources */,
				669147301C8DABBB0052078F /* Assets.xcassets in Resources */,
				6691472E1C8DABBB0052078F /* Main.storyboard in Resources */,
			);
			runOnlyForDeploymentPostprocessing = 0;
		};
/* End PBXResourcesBuildPhase section */

/* Begin PBXSourcesBuildPhase section */
		669147211C8DABBB0052078F /* Sources */ = {
			isa = PBXSourcesBuildPhase;
			buildActionMask = 2147483647;
			files = (
				6691472B1C8DABBB0052078F /* ViewController.swift in Sources */,
				669147291C8DABBB0052078F /* AppDelegate.swift in Sources */,
			);
			runOnlyForDeploymentPostprocessing = 0;
		};
/* End PBXSourcesBuildPhase section */

/* Begin PBXVariantGroup section */
		6691472C1C8DABBB0052078F /* Main.storyboard */ = {
			isa = PBXVariantGroup;
			children = (
				6691472D1C8DABBB0052078F /* Base */,
			);
			name = Main.storyboard;
			sourceTree = "<group>";
		};
		669147311C8DABBB0052078F /* LaunchScreen.storyboard */ = {
			isa = PBXVariantGroup;
			children = (
				669147321C8DABBB0052078F /* Base */,
			);
			name = LaunchScreen.storyboard;
			sourceTree = "<group>";
		};
/* End PBXVariantGroup section */

/* Begin XCBuildConfiguration section */
		669147351C8DABBB0052078F /* Debug */ = {
			isa = XCBuildConfiguration;
			buildSettings = {
				ALWAYS_SEARCH_USER_PATHS = NO;
				CLANG_CXX_LANGUAGE_STANDARD = "gnu++0x";
				CLANG_CXX_LIBRARY = "libc++";
				CLANG_ENABLE_MODULES = YES;
				CLANG_ENABLE_OBJC_ARC = YES;
				CLANG_WARN_BOOL_CONVERSION = YES;
				CLANG_WARN_CONSTANT_CONVERSION = YES;
				CLANG_WARN_DIRECT_OBJC_ISA_USAGE = YES_ERROR;
				CLANG_WARN_EMPTY_BODY = YES;
				CLANG_WARN_ENUM_CONVERSION = YES;
				CLANG_WARN_INT_CONVERSION = YES;
				CLANG_WARN_OBJC_ROOT_CLASS = YES_ERROR;
				CLANG_WARN_UNREACHABLE_CODE = YES;
				CLANG_WARN__DUPLICATE_METHOD_MATCH = YES;
				"CODE_SIGN_IDENTITY[sdk=iphoneos*]" = "iPhone Developer";
				COPY_PHASE_STRIP = NO;
				DEBUG_INFORMATION_FORMAT = dwarf;
				ENABLE_STRICT_OBJC_MSGSEND = YES;
				ENABLE_TESTABILITY = YES;
				GCC_C_LANGUAGE_STANDARD = gnu99;
				GCC_DYNAMIC_NO_PIC = NO;
				GCC_NO_COMMON_BLOCKS = YES;
				GCC_OPTIMIZATION_LEVEL = 0;
				GCC_PREPROCESSOR_DEFINITIONS = (
					"DEBUG=1",
					"$(inherited)",
				);
				GCC_WARN_64_TO_32_BIT_CONVERSION = YES;
				GCC_WARN_ABOUT_RETURN_TYPE = YES_ERROR;
				GCC_WARN_UNDECLARED_SELECTOR = YES;
				GCC_WARN_UNINITIALIZED_AUTOS = YES_AGGRESSIVE;
				GCC_WARN_UNUSED_FUNCTION = YES;
				GCC_WARN_UNUSED_VARIABLE = YES;
				IPHONEOS_DEPLOYMENT_TARGET = 9.2;
				MTL_ENABLE_DEBUG_INFO = YES;
				ONLY_ACTIVE_ARCH = YES;
				SDKROOT = iphoneos;
				SWIFT_OPTIMIZATION_LEVEL = "-Onone";
				TARGETED_DEVICE_FAMILY = "1,2";
			};
			name = Debug;
		};
		669147361C8DABBB0052078F /* Release */ = {
			isa = XCBuildConfiguration;
			buildSettings = {
				ALWAYS_SEARCH_USER_PATHS = NO;
				CLANG_CXX_LANGUAGE_STANDARD = "gnu++0x";
				CLANG_CXX_LIBRARY = "libc++";
				CLANG_ENABLE_MODULES = YES;
				CLANG_ENABLE_OBJC_ARC = YES;
				CLANG_WARN_BOOL_CONVERSION = YES;
				CLANG_WARN_CONSTANT_CONVERSION = YES;
				CLANG_WARN_DIRECT_OBJC_ISA_USAGE = YES_ERROR;
				CLANG_WARN_EMPTY_BODY = YES;
				CLANG_WARN_ENUM_CONVERSION = YES;
				CLANG_WARN_INT_CONVERSION = YES;
				CLANG_WARN_OBJC_ROOT_CLASS = YES_ERROR;
				CLANG_WARN_UNREACHABLE_CODE = YES;
				CLANG_WARN__DUPLICATE_METHOD_MATCH = YES;
				"CODE_SIGN_IDENTITY[sdk=iphoneos*]" = "iPhone Developer";
				COPY_PHASE_STRIP = NO;
				DEBUG_INFORMATION_FORMAT = "dwarf-with-dsym";
				ENABLE_NS_ASSERTIONS = NO;
				ENABLE_STRICT_OBJC_MSGSEND = YES;
				GCC_C_LANGUAGE_STANDARD = gnu99;
				GCC_NO_COMMON_BLOCKS = YES;
				GCC_WARN_64_TO_32_BIT_CONVERSION = YES;
				GCC_WARN_ABOUT_RETURN_TYPE = YES_ERROR;
				GCC_WARN_UNDECLARED_SELECTOR = YES;
				GCC_WARN_UNINITIALIZED_AUTOS = YES_AGGRESSIVE;
				GCC_WARN_UNUSED_FUNCTION = YES;
				GCC_WARN_UNUSED_VARIABLE = YES;
				IPHONEOS_DEPLOYMENT_TARGET = 9.2;
				MTL_ENABLE_DEBUG_INFO = NO;
				SDKROOT = iphoneos;
				TARGETED_DEVICE_FAMILY = "1,2";
				VALIDATE_PRODUCT = YES;
			};
			name = Release;
		};
		669147381C8DABBB0052078F /* Debug */ = {
			isa = XCBuildConfiguration;
			buildSettings = {
				ASSETCATALOG_COMPILER_APPICON_NAME = AppIcon;
				INFOPLIST_FILE = vkclient/Info.plist;
				LD_RUNPATH_SEARCH_PATHS = "$(inherited) @executable_path/Frameworks";
				PRODUCT_BUNDLE_IDENTIFIER = net.svedm.vkclient;
				PRODUCT_NAME = "$(TARGET_NAME)";
			};
			name = Debug;
		};
		669147391C8DABBB0052078F /* Release */ = {
			isa = XCBuildConfiguration;
			buildSettings = {
				ASSETCATALOG_COMPILER_APPICON_NAME = AppIcon;
				INFOPLIST_FILE = vkclient/Info.plist;
				LD_RUNPATH_SEARCH_PATHS = "$(inherited) @executable_path/Frameworks";
				PRODUCT_BUNDLE_IDENTIFIER = net.svedm.vkclient;
				PRODUCT_NAME = "$(TARGET_NAME)";
			};
			name = Release;
		};
/* End XCBuildConfiguration section */

/* Begin XCConfigurationList section */
		669147201C8DABBB0052078F /* Build configuration list for PBXProject "vkclient" */ = {
			isa = XCConfigurationList;
			buildConfigurations = (
				669147351C8DABBB0052078F /* Debug */,
				669147361C8DABBB0052078F /* Release */,
			);
			defaultConfigurationIsVisible = 0;
			defaultConfigurationName = Release;
		};
		669147371C8DABBB0052078F /* Build configuration list for PBXNativeTarget "vkclient" */ = {
			isa = XCConfigurationList;
			buildConfigurations = (
				669147381C8DABBB0052078F /* Debug */,
				669147391C8DABBB0052078F /* Release */,
			);
			defaultConfigurationIsVisible = 0;
		};
/* End XCConfigurationList section */
	};
	rootObject = 6691471D1C8DABBB0052078F /* Project object */;
}
