// !$*UTF8*$!
{
	archiveVersion = 1;
	classes = {
	};
	objectVersion = 46;
	objects = {

/* Begin PBXBuildFile section */
		0AF8369D2949EA13036B3226 /* Pods_vkclient.framework in Frameworks */ = {isa = PBXBuildFile; fileRef = 94285020993DF97D68EE23D2 /* Pods_vkclient.framework */; };
		665A6F381C9052490094C7E6 /* BaseFeedTableViewCell.swift in Sources */ = {isa = PBXBuildFile; fileRef = 665A6F371C9052490094C7E6 /* BaseFeedTableViewCell.swift */; };
		666D65BC1C91CD64008471FA /* JSONConvertable.swift in Sources */ = {isa = PBXBuildFile; fileRef = 666D65BB1C91CD64008471FA /* JSONConvertable.swift */; };
		666D65BE1C91CDD1008471FA /* VKFeed.swift in Sources */ = {isa = PBXBuildFile; fileRef = 666D65BD1C91CDD1008471FA /* VKFeed.swift */; };
		666D65C01C91D20A008471FA /* VKItem.swift in Sources */ = {isa = PBXBuildFile; fileRef = 666D65BF1C91D20A008471FA /* VKItem.swift */; };
		669147291C8DABBB0052078F /* AppDelegate.swift in Sources */ = {isa = PBXBuildFile; fileRef = 669147281C8DABBB0052078F /* AppDelegate.swift */; };
		6691472B1C8DABBB0052078F /* LoginController.swift in Sources */ = {isa = PBXBuildFile; fileRef = 6691472A1C8DABBB0052078F /* LoginController.swift */; };
		6691472E1C8DABBB0052078F /* Main.storyboard in Resources */ = {isa = PBXBuildFile; fileRef = 6691472C1C8DABBB0052078F /* Main.storyboard */; };
		669147301C8DABBB0052078F /* Assets.xcassets in Resources */ = {isa = PBXBuildFile; fileRef = 6691472F1C8DABBB0052078F /* Assets.xcassets */; };
		669147331C8DABBB0052078F /* LaunchScreen.storyboard in Resources */ = {isa = PBXBuildFile; fileRef = 669147311C8DABBB0052078F /* LaunchScreen.storyboard */; };
		66FA434E1C9619B90099089E /* NSDictionaryExtensions.swift in Sources */ = {isa = PBXBuildFile; fileRef = 66FA434D1C9619B90099089E /* NSDictionaryExtensions.swift */; };
		66FF495F1C8F2BD3005959B9 /* FeedController.swift in Sources */ = {isa = PBXBuildFile; fileRef = 66FF495E1C8F2BD3005959B9 /* FeedController.swift */; };
/* End PBXBuildFile section */

/* Begin PBXFileReference section */
		4FD1E9BBEB61821DF4C6BBA1 /* Pods-vkclient.debug.xcconfig */ = {isa = PBXFileReference; includeInIndex = 1; lastKnownFileType = text.xcconfig; name = "Pods-vkclient.debug.xcconfig"; path = "Pods/Target Support Files/Pods-vkclient/Pods-vkclient.debug.xcconfig"; sourceTree = "<group>"; };
		665A6F371C9052490094C7E6 /* BaseFeedTableViewCell.swift */ = {isa = PBXFileReference; fileEncoding = 4; lastKnownFileType = sourcecode.swift; path = BaseFeedTableViewCell.swift; sourceTree = "<group>"; };
		666D65BB1C91CD64008471FA /* JSONConvertable.swift */ = {isa = PBXFileReference; fileEncoding = 4; lastKnownFileType = sourcecode.swift; path = JSONConvertable.swift; sourceTree = "<group>"; };
		666D65BD1C91CDD1008471FA /* VKFeed.swift */ = {isa = PBXFileReference; fileEncoding = 4; lastKnownFileType = sourcecode.swift; path = VKFeed.swift; sourceTree = "<group>"; };
		666D65BF1C91D20A008471FA /* VKItem.swift */ = {isa = PBXFileReference; fileEncoding = 4; lastKnownFileType = sourcecode.swift; path = VKItem.swift; sourceTree = "<group>"; };
		669147251C8DABBB0052078F /* vkclient.app */ = {isa = PBXFileReference; explicitFileType = wrapper.application; includeInIndex = 0; path = vkclient.app; sourceTree = BUILT_PRODUCTS_DIR; };
		669147281C8DABBB0052078F /* AppDelegate.swift */ = {isa = PBXFileReference; lastKnownFileType = sourcecode.swift; path = AppDelegate.swift; sourceTree = "<group>"; };
		6691472A1C8DABBB0052078F /* LoginController.swift */ = {isa = PBXFileReference; lastKnownFileType = sourcecode.swift; path = LoginController.swift; sourceTree = "<group>"; };
		6691472D1C8DABBB0052078F /* Base */ = {isa = PBXFileReference; lastKnownFileType = file.storyboard; name = Base; path = Base.lproj/Main.storyboard; sourceTree = "<group>"; };
		6691472F1C8DABBB0052078F /* Assets.xcassets */ = {isa = PBXFileReference; lastKnownFileType = folder.assetcatalog; path = Assets.xcassets; sourceTree = "<group>"; };
		669147321C8DABBB0052078F /* Base */ = {isa = PBXFileReference; lastKnownFileType = file.storyboard; name = Base; path = Base.lproj/LaunchScreen.storyboard; sourceTree = "<group>"; };
		669147341C8DABBB0052078F /* Info.plist */ = {isa = PBXFileReference; lastKnownFileType = text.plist.xml; path = Info.plist; sourceTree = "<group>"; };
		66FA434D1C9619B90099089E /* NSDictionaryExtensions.swift */ = {isa = PBXFileReference; fileEncoding = 4; lastKnownFileType = sourcecode.swift; path = NSDictionaryExtensions.swift; sourceTree = "<group>"; };
		66FF495E1C8F2BD3005959B9 /* FeedController.swift */ = {isa = PBXFileReference; fileEncoding = 4; lastKnownFileType = sourcecode.swift; path = FeedController.swift; sourceTree = "<group>"; };
		94285020993DF97D68EE23D2 /* Pods_vkclient.framework */ = {isa = PBXFileReference; explicitFileType = wrapper.framework; includeInIndex = 0; path = Pods_vkclient.framework; sourceTree = BUILT_PRODUCTS_DIR; };
		A83D6A72790977DEE3E4E12B /* Pods-vkclient.release.xcconfig */ = {isa = PBXFileReference; includeInIndex = 1; lastKnownFileType = text.xcconfig; name = "Pods-vkclient.release.xcconfig"; path = "Pods/Target Support Files/Pods-vkclient/Pods-vkclient.release.xcconfig"; sourceTree = "<group>"; };
/* End PBXFileReference section */

/* Begin PBXFrameworksBuildPhase section */
		669147221C8DABBB0052078F /* Frameworks */ = {
			isa = PBXFrameworksBuildPhase;
			buildActionMask = 2147483647;
			files = (
				0AF8369D2949EA13036B3226 /* Pods_vkclient.framework in Frameworks */,
			);
			runOnlyForDeploymentPostprocessing = 0;
		};
/* End PBXFrameworksBuildPhase section */

/* Begin PBXGroup section */
		1983919DC35A84EBF25BEF44 /* Frameworks */ = {
			isa = PBXGroup;
			children = (
				94285020993DF97D68EE23D2 /* Pods_vkclient.framework */,
			);
			name = Frameworks;
			sourceTree = "<group>";
		};
		666D65B91C91CD1E008471FA /* Models */ = {
			isa = PBXGroup;
			children = (
				666D65BD1C91CDD1008471FA /* VKFeed.swift */,
				666D65BF1C91D20A008471FA /* VKItem.swift */,
			);
			name = Models;
			sourceTree = "<group>";
		};
		666D65BA1C91CD39008471FA /* Protocols */ = {
			isa = PBXGroup;
			children = (
				666D65BB1C91CD64008471FA /* JSONConvertable.swift */,
			);
			name = Protocols;
			sourceTree = "<group>";
		};
		6691471C1C8DABBB0052078F = {
			isa = PBXGroup;
			children = (
				669147271C8DABBB0052078F /* vkclient */,
				669147261C8DABBB0052078F /* Products */,
				ABD5E1EC6193078B58EC2D24 /* Pods */,
				1983919DC35A84EBF25BEF44 /* Frameworks */,
			);
			sourceTree = "<group>";
		};
		669147261C8DABBB0052078F /* Products */ = {
			isa = PBXGroup;
			children = (
				669147251C8DABBB0052078F /* vkclient.app */,
			);
			name = Products;
			sourceTree = "<group>";
		};
		669147271C8DABBB0052078F /* vkclient */ = {
			isa = PBXGroup;
			children = (
				66FA434C1C9614900099089E /* Extensions */,
				666D65BA1C91CD39008471FA /* Protocols */,
				666D65B91C91CD1E008471FA /* Models */,
				669147281C8DABBB0052078F /* AppDelegate.swift */,
				6691472A1C8DABBB0052078F /* LoginController.swift */,
				6691472C1C8DABBB0052078F /* Main.storyboard */,
				665A6F371C9052490094C7E6 /* BaseFeedTableViewCell.swift */,
				6691472F1C8DABBB0052078F /* Assets.xcassets */,
				669147311C8DABBB0052078F /* LaunchScreen.storyboard */,
				669147341C8DABBB0052078F /* Info.plist */,
				66FF495E1C8F2BD3005959B9 /* FeedController.swift */,
			);
			path = vkclient;
			sourceTree = "<group>";
		};
		66FA434C1C9614900099089E /* Extensions */ = {
			isa = PBXGroup;
			children = (
				66FA434D1C9619B90099089E /* NSDictionaryExtensions.swift */,
			);
			name = Extensions;
			sourceTree = "<group>";
		};
		ABD5E1EC6193078B58EC2D24 /* Pods */ = {
			isa = PBXGroup;
			children = (
				4FD1E9BBEB61821DF4C6BBA1 /* Pods-vkclient.debug.xcconfig */,
				A83D6A72790977DEE3E4E12B /* Pods-vkclient.release.xcconfig */,
			);
			name = Pods;
			sourceTree = "<group>";
		};
/* End PBXGroup section */

/* Begin PBXNativeTarget section */
		669147241C8DABBB0052078F /* vkclient */ = {
			isa = PBXNativeTarget;
			buildConfigurationList = 669147371C8DABBB0052078F /* Build configuration list for PBXNativeTarget "vkclient" */;
			buildPhases = (
				90E71242E8E15248CAFF8B23 /* Check Pods Manifest.lock */,
				669147211C8DABBB0052078F /* Sources */,
				669147221C8DABBB0052078F /* Frameworks */,
				669147231C8DABBB0052078F /* Resources */,
				44BCA59D0E8FA1DBAAAF8272 /* Embed Pods Frameworks */,
				D5F47D210AB984F4131CAA14 /* Copy Pods Resources */,
			);
			buildRules = (
			);
			dependencies = (
			);
			name = vkclient;
			productName = vkclient;
			productReference = 669147251C8DABBB0052078F /* vkclient.app */;
			productType = "com.apple.product-type.application";
		};
/* End PBXNativeTarget section */

/* Begin PBXProject section */
		6691471D1C8DABBB0052078F /* Project object */ = {
			isa = PBXProject;
			attributes = {
				LastSwiftUpdateCheck = 0720;
				LastUpgradeCheck = 0720;
				ORGANIZATIONNAME = "Svetoslav Karasev";
				TargetAttributes = {
					669147241C8DABBB0052078F = {
						CreatedOnToolsVersion = 7.2.1;
						DevelopmentTeam = 6WCU73Y7FL;
					};
				};
			};
			buildConfigurationList = 669147201C8DABBB0052078F /* Build configuration list for PBXProject "vkclient" */;
			compatibilityVersion = "Xcode 3.2";
			developmentRegion = English;
			hasScannedForEncodings = 0;
			knownRegions = (
				en,
				Base,
			);
			mainGroup = 6691471C1C8DABBB0052078F;
			productRefGroup = 669147261C8DABBB0052078F /* Products */;
			projectDirPath = "";
			projectRoot = "";
			targets = (
				669147241C8DABBB0052078F /* vkclient */,
			);
		};
/* End PBXProject section */

/* Begin PBXResourcesBuildPhase section */
		669147231C8DABBB0052078F /* Resources */ = {
			isa = PBXResourcesBuildPhase;
			buildActionMask = 2147483647;
			files = (
				669147331C8DABBB0052078F /* LaunchScreen.storyboard in Resources */,
				669147301C8DABBB0052078F /* Assets.xcassets in Resources */,
				6691472E1C8DABBB0052078F /* Main.storyboard in Resources */,
			);
			runOnlyForDeploymentPostprocessing = 0;
		};
/* End PBXResourcesBuildPhase section */

/* Begin PBXShellScriptBuildPhase section */
		44BCA59D0E8FA1DBAAAF8272 /* Embed Pods Frameworks */ = {
			isa = PBXShellScriptBuildPhase;
			buildActionMask = 2147483647;
			files = (
			);
			inputPaths = (
			);
			name = "Embed Pods Frameworks";
			outputPaths = (
			);
			runOnlyForDeploymentPostprocessing = 0;
			shellPath = /bin/sh;
			shellScript = "\"${SRCROOT}/Pods/Target Support Files/Pods-vkclient/Pods-vkclient-frameworks.sh\"\n";
			showEnvVarsInLog = 0;
		};
		90E71242E8E15248CAFF8B23 /* Check Pods Manifest.lock */ = {
			isa = PBXShellScriptBuildPhase;
			buildActionMask = 2147483647;
			files = (
			);
			inputPaths = (
			);
			name = "Check Pods Manifest.lock";
			outputPaths = (
			);
			runOnlyForDeploymentPostprocessing = 0;
			shellPath = /bin/sh;
			shellScript = "diff \"${PODS_ROOT}/../Podfile.lock\" \"${PODS_ROOT}/Manifest.lock\" > /dev/null\nif [[ $? != 0 ]] ; then\n    cat << EOM\nerror: The sandbox is not in sync with the Podfile.lock. Run 'pod install' or update your CocoaPods installation.\nEOM\n    exit 1\nfi\n";
			showEnvVarsInLog = 0;
		};
		D5F47D210AB984F4131CAA14 /* Copy Pods Resources */ = {
			isa = PBXShellScriptBuildPhase;
			buildActionMask = 2147483647;
			files = (
			);
			inputPaths = (
			);
			name = "Copy Pods Resources";
			outputPaths = (
			);
			runOnlyForDeploymentPostprocessing = 0;
			shellPath = /bin/sh;
			shellScript = "\"${SRCROOT}/Pods/Target Support Files/Pods-vkclient/Pods-vkclient-resources.sh\"\n";
			showEnvVarsInLog = 0;
		};
/* End PBXShellScriptBuildPhase section */

/* Begin PBXSourcesBuildPhase section */
		669147211C8DABBB0052078F /* Sources */ = {
			isa = PBXSourcesBuildPhase;
			buildActionMask = 2147483647;
			files = (
				666D65BE1C91CDD1008471FA /* VKFeed.swift in Sources */,
				666D65C01C91D20A008471FA /* VKItem.swift in Sources */,
				665A6F381C9052490094C7E6 /* BaseFeedTableViewCell.swift in Sources */,
				666D65BC1C91CD64008471FA /* JSONConvertable.swift in Sources */,
				6691472B1C8DABBB0052078F /* LoginController.swift in Sources */,
				66FF495F1C8F2BD3005959B9 /* FeedController.swift in Sources */,
				669147291C8DABBB0052078F /* AppDelegate.swift in Sources */,
				66FA434E1C9619B90099089E /* NSDictionaryExtensions.swift in Sources */,
			);
			runOnlyForDeploymentPostprocessing = 0;
		};
/* End PBXSourcesBuildPhase section */

/* Begin PBXVariantGroup section */
		6691472C1C8DABBB0052078F /* Main.storyboard */ = {
			isa = PBXVariantGroup;
			children = (
				6691472D1C8DABBB0052078F /* Base */,
			);
			name = Main.storyboard;
			sourceTree = "<group>";
		};
		669147311C8DABBB0052078F /* LaunchScreen.storyboard */ = {
			isa = PBXVariantGroup;
			children = (
				669147321C8DABBB0052078F /* Base */,
			);
			name = LaunchScreen.storyboard;
			sourceTree = "<group>";
		};
/* End PBXVariantGroup section */

/* Begin XCBuildConfiguration section */
		669147351C8DABBB0052078F /* Debug */ = {
			isa = XCBuildConfiguration;
			buildSettings = {
				ALWAYS_SEARCH_USER_PATHS = NO;
				CLANG_CXX_LANGUAGE_STANDARD = "gnu++0x";
				CLANG_CXX_LIBRARY = "libc++";
				CLANG_ENABLE_MODULES = YES;
				CLANG_ENABLE_OBJC_ARC = YES;
				CLANG_WARN_BOOL_CONVERSION = YES;
				CLANG_WARN_CONSTANT_CONVERSION = YES;
				CLANG_WARN_DIRECT_OBJC_ISA_USAGE = YES_ERROR;
				CLANG_WARN_EMPTY_BODY = YES;
				CLANG_WARN_ENUM_CONVERSION = YES;
				CLANG_WARN_INT_CONVERSION = YES;
				CLANG_WARN_OBJC_ROOT_CLASS = YES_ERROR;
				CLANG_WARN_UNREACHABLE_CODE = YES;
				CLANG_WARN__DUPLICATE_METHOD_MATCH = YES;
				"CODE_SIGN_IDENTITY[sdk=iphoneos*]" = "iPhone Developer";
				COPY_PHASE_STRIP = NO;
				DEBUG_INFORMATION_FORMAT = dwarf;
				ENABLE_STRICT_OBJC_MSGSEND = YES;
				ENABLE_TESTABILITY = YES;
				GCC_C_LANGUAGE_STANDARD = gnu99;
				GCC_DYNAMIC_NO_PIC = NO;
				GCC_NO_COMMON_BLOCKS = YES;
				GCC_OPTIMIZATION_LEVEL = 0;
				GCC_PREPROCESSOR_DEFINITIONS = (
					"DEBUG=1",
					"$(inherited)",
				);
				GCC_WARN_64_TO_32_BIT_CONVERSION = YES;
				GCC_WARN_ABOUT_RETURN_TYPE = YES_ERROR;
				GCC_WARN_UNDECLARED_SELECTOR = YES;
				GCC_WARN_UNINITIALIZED_AUTOS = YES_AGGRESSIVE;
				GCC_WARN_UNUSED_FUNCTION = YES;
				GCC_WARN_UNUSED_VARIABLE = YES;
				IPHONEOS_DEPLOYMENT_TARGET = 9.2;
				MTL_ENABLE_DEBUG_INFO = YES;
				ONLY_ACTIVE_ARCH = YES;
				SDKROOT = iphoneos;
				SWIFT_OPTIMIZATION_LEVEL = "-Onone";
				TARGETED_DEVICE_FAMILY = "1,2";
			};
			name = Debug;
		};
		669147361C8DABBB0052078F /* Release */ = {
			isa = XCBuildConfiguration;
			buildSettings = {
				ALWAYS_SEARCH_USER_PATHS = NO;
				CLANG_CXX_LANGUAGE_STANDARD = "gnu++0x";
				CLANG_CXX_LIBRARY = "libc++";
				CLANG_ENABLE_MODULES = YES;
				CLANG_ENABLE_OBJC_ARC = YES;
				CLANG_WARN_BOOL_CONVERSION = YES;
				CLANG_WARN_CONSTANT_CONVERSION = YES;
				CLANG_WARN_DIRECT_OBJC_ISA_USAGE = YES_ERROR;
				CLANG_WARN_EMPTY_BODY = YES;
				CLANG_WARN_ENUM_CONVERSION = YES;
				CLANG_WARN_INT_CONVERSION = YES;
				CLANG_WARN_OBJC_ROOT_CLASS = YES_ERROR;
				CLANG_WARN_UNREACHABLE_CODE = YES;
				CLANG_WARN__DUPLICATE_METHOD_MATCH = YES;
				"CODE_SIGN_IDENTITY[sdk=iphoneos*]" = "iPhone Developer";
				COPY_PHASE_STRIP = NO;
				DEBUG_INFORMATION_FORMAT = "dwarf-with-dsym";
				ENABLE_NS_ASSERTIONS = NO;
				ENABLE_STRICT_OBJC_MSGSEND = YES;
				GCC_C_LANGUAGE_STANDARD = gnu99;
				GCC_NO_COMMON_BLOCKS = YES;
				GCC_WARN_64_TO_32_BIT_CONVERSION = YES;
				GCC_WARN_ABOUT_RETURN_TYPE = YES_ERROR;
				GCC_WARN_UNDECLARED_SELECTOR = YES;
				GCC_WARN_UNINITIALIZED_AUTOS = YES_AGGRESSIVE;
				GCC_WARN_UNUSED_FUNCTION = YES;
				GCC_WARN_UNUSED_VARIABLE = YES;
				IPHONEOS_DEPLOYMENT_TARGET = 9.2;
				MTL_ENABLE_DEBUG_INFO = NO;
				SDKROOT = iphoneos;
				TARGETED_DEVICE_FAMILY = "1,2";
				VALIDATE_PRODUCT = YES;
			};
			name = Release;
		};
		669147381C8DABBB0052078F /* Debug */ = {
			isa = XCBuildConfiguration;
			baseConfigurationReference = 4FD1E9BBEB61821DF4C6BBA1 /* Pods-vkclient.debug.xcconfig */;
			buildSettings = {
				ASSETCATALOG_COMPILER_APPICON_NAME = AppIcon;
				INFOPLIST_FILE = vkclient/Info.plist;
				IPHONEOS_DEPLOYMENT_TARGET = 8.0;
				LD_RUNPATH_SEARCH_PATHS = "$(inherited) @executable_path/Frameworks";
				PRODUCT_BUNDLE_IDENTIFIER = net.svedm.vkclient;
				PRODUCT_NAME = "$(TARGET_NAME)";
			};
			name = Debug;
		};
		669147391C8DABBB0052078F /* Release */ = {
			isa = XCBuildConfiguration;
			baseConfigurationReference = A83D6A72790977DEE3E4E12B /* Pods-vkclient.release.xcconfig */;
			buildSettings = {
				ASSETCATALOG_COMPILER_APPICON_NAME = AppIcon;
				INFOPLIST_FILE = vkclient/Info.plist;
				IPHONEOS_DEPLOYMENT_TARGET = 8.0;
				LD_RUNPATH_SEARCH_PATHS = "$(inherited) @executable_path/Frameworks";
				PRODUCT_BUNDLE_IDENTIFIER = net.svedm.vkclient;
				PRODUCT_NAME = "$(TARGET_NAME)";
			};
			name = Release;
		};
/* End XCBuildConfiguration section */

/* Begin XCConfigurationList section */
		669147201C8DABBB0052078F /* Build configuration list for PBXProject "vkclient" */ = {
			isa = XCConfigurationList;
			buildConfigurations = (
				669147351C8DABBB0052078F /* Debug */,
				669147361C8DABBB0052078F /* Release */,
			);
			defaultConfigurationIsVisible = 0;
			defaultConfigurationName = Release;
		};
		669147371C8DABBB0052078F /* Build configuration list for PBXNativeTarget "vkclient" */ = {
			isa = XCConfigurationList;
			buildConfigurations = (
				669147381C8DABBB0052078F /* Debug */,
				669147391C8DABBB0052078F /* Release */,
			);
			defaultConfigurationIsVisible = 0;
			defaultConfigurationName = Release;
		};
/* End XCConfigurationList section */
	};
	rootObject = 6691471D1C8DABBB0052078F /* Project object */;
}
